
Microsoft Visual Studio Solution File, Format Version 12.00
# Visual Studio 14
VisualStudioVersion = 14.0.25420.1
MinimumVisualStudioVersion = 10.0.40219.1
Project("{FAE04EC0-301F-11D3-BF4B-00C04F79EFBC}") = "AssettoChampionship", "AssettoChampionship\AssettoChampionship.csproj", "{87A25F49-33C0-4496-A885-C7126FD8172A}"
EndProject
Project("{FAE04EC0-301F-11D3-BF4B-00C04F79EFBC}") = "Assetto.Configurator", "Assetto.Configurator\Assetto.Configurator.csproj", "{8ED53A6B-C23B-4447-AD08-1DBA7465D63F}"
EndProject
Project("{FAE04EC0-301F-11D3-BF4B-00C04F79EFBC}") = "Assetto.SharedMemory", "Assetto.SharedMemory\Assetto.SharedMemory.csproj", "{D99F35F2-D3E0-41E5-A877-3F8983283D11}"
EndProject
Global
	GlobalSection(SolutionConfigurationPlatforms) = preSolution
		Debug|Any CPU = Debug|Any CPU
		Release|Any CPU = Release|Any CPU
	EndGlobalSection
	GlobalSection(ProjectConfigurationPlatforms) = postSolution
		{87A25F49-33C0-4496-A885-C7126FD8172A}.Debug|Any CPU.ActiveCfg = Debug|Any CPU
		{87A25F49-33C0-4496-A885-C7126FD8172A}.Debug|Any CPU.Build.0 = Debug|Any CPU
		{87A25F49-33C0-4496-A885-C7126FD8172A}.Release|Any CPU.ActiveCfg = Release|Any CPU
		{87A25F49-33C0-4496-A885-C7126FD8172A}.Release|Any CPU.Build.0 = Release|Any CPU
		{8ED53A6B-C23B-4447-AD08-1DBA7465D63F}.Debug|Any CPU.ActiveCfg = Debug|Any CPU
		{8ED53A6B-C23B-4447-AD08-1DBA7465D63F}.Debug|Any CPU.Build.0 = Debug|Any CPU
		{8ED53A6B-C23B-4447-AD08-1DBA7465D63F}.Release|Any CPU.ActiveCfg = Release|Any CPU
		{8ED53A6B-C23B-4447-AD08-1DBA7465D63F}.Release|Any CPU.Build.0 = Release|Any CPU
		{D99F35F2-D3E0-41E5-A877-3F8983283D11}.Debug|Any CPU.ActiveCfg = Debug|Any CPU
		{D99F35F2-D3E0-41E5-A877-3F8983283D11}.Debug|Any CPU.Build.0 = Debug|Any CPU
		{D99F35F2-D3E0-41E5-A877-3F8983283D11}.Release|Any CPU.ActiveCfg = Release|Any CPU
		{D99F35F2-D3E0-41E5-A877-3F8983283D11}.Release|Any CPU.Build.0 = Release|Any CPU
	EndGlobalSection
	GlobalSection(SolutionProperties) = preSolution
		HideSolutionNode = FALSE
	EndGlobalSection
EndGlobal
