
Microsoft Visual Studio Solution File, Format Version 12.00
# Visual Studio 14
VisualStudioVersion = 14.0.25420.1
MinimumVisualStudioVersion = 10.0.40219.1
Project("{FAE04EC0-301F-11D3-BF4B-00C04F79EFBC}") = "AssettoChampionship", "AssettoChampionship\AssettoChampionship.csproj", "{87A25F49-33C0-4496-A885-C7126FD8172A}"
EndProject
Project("{FAE04EC0-301F-11D3-BF4B-00C04F79EFBC}") = "Assetto.Configurator", "Assetto.Configurator\Assetto.Configurator.csproj", "{8ED53A6B-C23B-4447-AD08-1DBA7465D63F}"
EndProject
Project("{FAE04EC0-301F-11D3-BF4B-00C04F79EFBC}") = "Assetto.SharedMemory", "Assetto.SharedMemory\Assetto.SharedMemory.csproj", "{D99F35F2-D3E0-41E5-A877-3F8983283D11}"
EndProject
Project("{FAE04EC0-301F-11D3-BF4B-00C04F79EFBC}") = "Assetto.Manager", "Assetto.Manager\Assetto.Manager.csproj", "{BB3A9050-25A4-4EBF-A3FF-7AC203E0F5AF}"
EndProject
Project("{FAE04EC0-301F-11D3-BF4B-00C04F79EFBC}") = "Assetto.Data", "Assetto.Data\Assetto.Data.csproj", "{39D17DEB-409D-4EDD-BE26-C6FA36CE668B}"
EndProject
Project("{2150E333-8FDC-42A3-9474-1A3956D46DE8}") = "Data", "Data", "{DD55FBDB-E3DA-48A4-B253-18A0E6CA9554}"
EndProject
Project("{2150E333-8FDC-42A3-9474-1A3956D46DE8}") = "Config", "Config", "{53A1275B-5E36-40B3-A707-7F47B3EBB5A2}"
EndProject
Project("{2150E333-8FDC-42A3-9474-1A3956D46DE8}") = "Lib", "Lib", "{21A2D9A7-66C6-4CB9-AEB3-4D660B000CC9}"
EndProject
Project("{2150E333-8FDC-42A3-9474-1A3956D46DE8}") = "App", "App", "{085045DB-B32B-4746-9247-BF09F7EF0FA0}"
EndProject
Project("{2150E333-8FDC-42A3-9474-1A3956D46DE8}") = "Common", "Common", "{FD6224D5-CE48-4F65-81D2-BBCD4B87A869}"
EndProject
Project("{FAE04EC0-301F-11D3-BF4B-00C04F79EFBC}") = "Assetto.Common", "Assetto.Common\Assetto.Common.csproj", "{C05BE200-2B0F-4CF5-AFFF-7B0A63C16058}"
EndProject
Global
	GlobalSection(SolutionConfigurationPlatforms) = preSolution
		Debug|Any CPU = Debug|Any CPU
		Release|Any CPU = Release|Any CPU
	EndGlobalSection
	GlobalSection(ProjectConfigurationPlatforms) = postSolution
		{87A25F49-33C0-4496-A885-C7126FD8172A}.Debug|Any CPU.ActiveCfg = Debug|Any CPU
		{87A25F49-33C0-4496-A885-C7126FD8172A}.Debug|Any CPU.Build.0 = Debug|Any CPU
		{87A25F49-33C0-4496-A885-C7126FD8172A}.Release|Any CPU.ActiveCfg = Release|Any CPU
		{87A25F49-33C0-4496-A885-C7126FD8172A}.Release|Any CPU.Build.0 = Release|Any CPU
		{8ED53A6B-C23B-4447-AD08-1DBA7465D63F}.Debug|Any CPU.ActiveCfg = Debug|Any CPU
		{8ED53A6B-C23B-4447-AD08-1DBA7465D63F}.Debug|Any CPU.Build.0 = Debug|Any CPU
		{8ED53A6B-C23B-4447-AD08-1DBA7465D63F}.Release|Any CPU.ActiveCfg = Release|Any CPU
		{8ED53A6B-C23B-4447-AD08-1DBA7465D63F}.Release|Any CPU.Build.0 = Release|Any CPU
		{D99F35F2-D3E0-41E5-A877-3F8983283D11}.Debug|Any CPU.ActiveCfg = Debug|Any CPU
		{D99F35F2-D3E0-41E5-A877-3F8983283D11}.Debug|Any CPU.Build.0 = Debug|Any CPU
		{D99F35F2-D3E0-41E5-A877-3F8983283D11}.Release|Any CPU.ActiveCfg = Release|Any CPU
		{D99F35F2-D3E0-41E5-A877-3F8983283D11}.Release|Any CPU.Build.0 = Release|Any CPU
		{BB3A9050-25A4-4EBF-A3FF-7AC203E0F5AF}.Debug|Any CPU.ActiveCfg = Debug|Any CPU
		{BB3A9050-25A4-4EBF-A3FF-7AC203E0F5AF}.Debug|Any CPU.Build.0 = Debug|Any CPU
		{BB3A9050-25A4-4EBF-A3FF-7AC203E0F5AF}.Release|Any CPU.ActiveCfg = Release|Any CPU
		{BB3A9050-25A4-4EBF-A3FF-7AC203E0F5AF}.Release|Any CPU.Build.0 = Release|Any CPU
		{39D17DEB-409D-4EDD-BE26-C6FA36CE668B}.Debug|Any CPU.ActiveCfg = Debug|Any CPU
		{39D17DEB-409D-4EDD-BE26-C6FA36CE668B}.Debug|Any CPU.Build.0 = Debug|Any CPU
		{39D17DEB-409D-4EDD-BE26-C6FA36CE668B}.Release|Any CPU.ActiveCfg = Release|Any CPU
		{39D17DEB-409D-4EDD-BE26-C6FA36CE668B}.Release|Any CPU.Build.0 = Release|Any CPU
		{C05BE200-2B0F-4CF5-AFFF-7B0A63C16058}.Debug|Any CPU.ActiveCfg = Debug|Any CPU
		{C05BE200-2B0F-4CF5-AFFF-7B0A63C16058}.Debug|Any CPU.Build.0 = Debug|Any CPU
		{C05BE200-2B0F-4CF5-AFFF-7B0A63C16058}.Release|Any CPU.ActiveCfg = Release|Any CPU
		{C05BE200-2B0F-4CF5-AFFF-7B0A63C16058}.Release|Any CPU.Build.0 = Release|Any CPU
	EndGlobalSection
	GlobalSection(SolutionProperties) = preSolution
		HideSolutionNode = FALSE
	EndGlobalSection
	GlobalSection(NestedProjects) = preSolution
		{87A25F49-33C0-4496-A885-C7126FD8172A} = {085045DB-B32B-4746-9247-BF09F7EF0FA0}
		{8ED53A6B-C23B-4447-AD08-1DBA7465D63F} = {53A1275B-5E36-40B3-A707-7F47B3EBB5A2}
		{D99F35F2-D3E0-41E5-A877-3F8983283D11} = {21A2D9A7-66C6-4CB9-AEB3-4D660B000CC9}
		{BB3A9050-25A4-4EBF-A3FF-7AC203E0F5AF} = {21A2D9A7-66C6-4CB9-AEB3-4D660B000CC9}
		{39D17DEB-409D-4EDD-BE26-C6FA36CE668B} = {DD55FBDB-E3DA-48A4-B253-18A0E6CA9554}
		{C05BE200-2B0F-4CF5-AFFF-7B0A63C16058} = {FD6224D5-CE48-4F65-81D2-BBCD4B87A869}
	EndGlobalSection
EndGlobal
